
Microsoft Visual Studio Solution File, Format Version 12.00
# Visual Studio Version 17
VisualStudioVersion = 17.0.32002.185
MinimumVisualStudioVersion = 10.0.40219.1
Project("{FAE04EC0-301F-11D3-BF4B-00C04F79EFBC}") = "TestNuGet", "TestNuGet\TestNuGet.csproj", "{E91C9604-CE07-4383-991B-7002E3864EB3}"
EndProject
Global
	GlobalSection(SolutionConfigurationPlatforms) = preSolution
		Debug|Any CPU = Debug|Any CPU
		Release|Any CPU = Release|Any CPU
	EndGlobalSection
	GlobalSection(ProjectConfigurationPlatforms) = postSolution
		{E91C9604-CE07-4383-991B-7002E3864EB3}.Debug|Any CPU.ActiveCfg = Debug|Any CPU
		{E91C9604-CE07-4383-991B-7002E3864EB3}.Debug|Any CPU.Build.0 = Debug|Any CPU
		{E91C9604-CE07-4383-991B-7002E3864EB3}.Release|Any CPU.ActiveCfg = Release|Any CPU
		{E91C9604-CE07-4383-991B-7002E3864EB3}.Release|Any CPU.Build.0 = Release|Any CPU
	EndGlobalSection
	GlobalSection(SolutionProperties) = preSolution
		HideSolutionNode = FALSE
	EndGlobalSection
	GlobalSection(ExtensibilityGlobals) = postSolution
		SolutionGuid = {D57E0285-15FE-4F71-82FF-FB9B56094F4D}
	EndGlobalSection
EndGlobal
